
Microsoft Visual Studio Solution File, Format Version 12.00
# Visual Studio Version 17
VisualStudioVersion = 17.3.32901.215
MinimumVisualStudioVersion = 10.0.40219.1
Project("{FAE04EC0-301F-11D3-BF4B-00C04F79EFBC}") = "BlazorAppWithIdentity", "BlazorAppWithIdentity.csproj", "{10E16A8A-4FC6-4AB6-B257-53DEB9F93081}"
EndProject
Global
	GlobalSection(SolutionConfigurationPlatforms) = preSolution
		Debug|Any CPU = Debug|Any CPU
		Release|Any CPU = Release|Any CPU
	EndGlobalSection
	GlobalSection(ProjectConfigurationPlatforms) = postSolution
		{10E16A8A-4FC6-4AB6-B257-53DEB9F93081}.Debug|Any CPU.ActiveCfg = Debug|Any CPU
		{10E16A8A-4FC6-4AB6-B257-53DEB9F93081}.Debug|Any CPU.Build.0 = Debug|Any CPU
		{10E16A8A-4FC6-4AB6-B257-53DEB9F93081}.Release|Any CPU.ActiveCfg = Release|Any CPU
		{10E16A8A-4FC6-4AB6-B257-53DEB9F93081}.Release|Any CPU.Build.0 = Release|Any CPU
	EndGlobalSection
	GlobalSection(SolutionProperties) = preSolution
		HideSolutionNode = FALSE
	EndGlobalSection
	GlobalSection(ExtensibilityGlobals) = postSolution
		SolutionGuid = {FA4C14BD-EE0F-4FD6-977F-79EFFA143CD8}
	EndGlobalSection
EndGlobal
